
Microsoft Visual Studio Solution File, Format Version 12.00
# Visual Studio Version 17
VisualStudioVersion = 17.9.34728.123
MinimumVisualStudioVersion = 10.0.40219.1
Project("{9A19103F-16F7-4668-BE54-9A1E7A4F7556}") = "LinkSharing App", "LinkSharing App\LinkSharing App.csproj", "{028EA3D2-2774-4748-8C2F-3374750EF2BF}"
EndProject
Project("{FAE04EC0-301F-11D3-BF4B-00C04F79EFBC}") = "LinkSharingRepository", "LinkSharingRepository\LinkSharingRepository.csproj", "{F9A95BEB-56A5-4E34-AB15-C30B0D98A3DD}"
EndProject
Global
	GlobalSection(SolutionConfigurationPlatforms) = preSolution
		Debug|Any CPU = Debug|Any CPU
		Release|Any CPU = Release|Any CPU
	EndGlobalSection
	GlobalSection(ProjectConfigurationPlatforms) = postSolution
		{028EA3D2-2774-4748-8C2F-3374750EF2BF}.Debug|Any CPU.ActiveCfg = Debug|Any CPU
		{028EA3D2-2774-4748-8C2F-3374750EF2BF}.Debug|Any CPU.Build.0 = Debug|Any CPU
		{028EA3D2-2774-4748-8C2F-3374750EF2BF}.Release|Any CPU.ActiveCfg = Release|Any CPU
		{028EA3D2-2774-4748-8C2F-3374750EF2BF}.Release|Any CPU.Build.0 = Release|Any CPU
		{F9A95BEB-56A5-4E34-AB15-C30B0D98A3DD}.Debug|Any CPU.ActiveCfg = Debug|Any CPU
		{F9A95BEB-56A5-4E34-AB15-C30B0D98A3DD}.Debug|Any CPU.Build.0 = Debug|Any CPU
		{F9A95BEB-56A5-4E34-AB15-C30B0D98A3DD}.Release|Any CPU.ActiveCfg = Release|Any CPU
		{F9A95BEB-56A5-4E34-AB15-C30B0D98A3DD}.Release|Any CPU.Build.0 = Release|Any CPU
	EndGlobalSection
	GlobalSection(SolutionProperties) = preSolution
		HideSolutionNode = FALSE
	EndGlobalSection
	GlobalSection(ExtensibilityGlobals) = postSolution
		SolutionGuid = {35B07313-41CF-41BE-847C-4087ECE36DF8}
	EndGlobalSection
EndGlobal
